// !$*UTF8*$!
{
	archiveVersion = 1;
	classes = {
	};
	objectVersion = 46;
	objects = {

/* Begin PBXBuildFile section */
		BA0A4DB61D870AB8008F500B /* AppDelegate.swift in Sources */ = {isa = PBXBuildFile; fileRef = BA0A4DB51D870AB8008F500B /* AppDelegate.swift */; };
		BA0A4DBD1D870AB8008F500B /* Main.storyboard in Resources */ = {isa = PBXBuildFile; fileRef = BA0A4DBB1D870AB8008F500B /* Main.storyboard */; };
		BA0A4DBF1D870AB8008F500B /* Assets.xcassets in Resources */ = {isa = PBXBuildFile; fileRef = BA0A4DBE1D870AB8008F500B /* Assets.xcassets */; };
		BA0A4DC21D870AB9008F500B /* LaunchScreen.storyboard in Resources */ = {isa = PBXBuildFile; fileRef = BA0A4DC01D870AB9008F500B /* LaunchScreen.storyboard */; };
		BA0A4DCB1D871915008F500B /* fertilityInput.swift in Sources */ = {isa = PBXBuildFile; fileRef = BA0A4DC91D871915008F500B /* fertilityInput.swift */; };
		BA0A4DCC1D871915008F500B /* InputTableViewController.swift in Sources */ = {isa = PBXBuildFile; fileRef = BA0A4DCA1D871915008F500B /* InputTableViewController.swift */; };
		BA0A4DCE1D8721FA008F500B /* InputTableViewCell.swift in Sources */ = {isa = PBXBuildFile; fileRef = BA0A4DCD1D8721FA008F500B /* InputTableViewCell.swift */; };
		BA66C88E1D999247003B9D3C /* Day.swift in Sources */ = {isa = PBXBuildFile; fileRef = BA66C88D1D999247003B9D3C /* Day.swift */; };
		BA88EFB91DA3E34700E9CB12 /* fertilityAppTests.swift in Sources */ = {isa = PBXBuildFile; fileRef = BA88EFB81DA3E34700E9CB12 /* fertilityAppTests.swift */; };
		BA88EFC01DA3E47900E9CB12 /* inputViewControllerTests.swift in Sources */ = {isa = PBXBuildFile; fileRef = BA88EFB01DA3E29F00E9CB12 /* inputViewControllerTests.swift */; };
		BA88EFC11DA3F69E00E9CB12 /* Main.storyboard in Resources */ = {isa = PBXBuildFile; fileRef = BA0A4DBB1D870AB8008F500B /* Main.storyboard */; };
		BA88EFC31DA838F900E9CB12 /* FertilitySignViewController.swift in Sources */ = {isa = PBXBuildFile; fileRef = BA88EFC21DA838F800E9CB12 /* FertilitySignViewController.swift */; };
		BA88EFC41DA838F900E9CB12 /* FertilitySignViewController.swift in Sources */ = {isa = PBXBuildFile; fileRef = BA88EFC21DA838F800E9CB12 /* FertilitySignViewController.swift */; };
		BA88EFC61DAC0F2200E9CB12 /* InputContainerViewController.swift in Sources */ = {isa = PBXBuildFile; fileRef = BA88EFC51DAC0F2200E9CB12 /* InputContainerViewController.swift */; };
		BA88EFC81DAD13C800E9CB12 /* InputContainerViewController.swift in Sources */ = {isa = PBXBuildFile; fileRef = BA88EFC51DAC0F2200E9CB12 /* InputContainerViewController.swift */; };
		BA88EFC91DAD13E400E9CB12 /* CycleTableViewController.swift in Sources */ = {isa = PBXBuildFile; fileRef = BAFE416A1D8B3A34002DA808 /* CycleTableViewController.swift */; };
		BA88EFCA1DAD142B00E9CB12 /* Day.swift in Sources */ = {isa = PBXBuildFile; fileRef = BA66C88D1D999247003B9D3C /* Day.swift */; };
		BA88EFCB1DAD194000E9CB12 /* cycleTableViewCell.swift in Sources */ = {isa = PBXBuildFile; fileRef = BAFE416C1D8B3ACF002DA808 /* cycleTableViewCell.swift */; };
		BAF4DFA61D899FD8003AA820 /* JennaSue.ttf in Resources */ = {isa = PBXBuildFile; fileRef = BAF4DFA51D899FD8003AA820 /* JennaSue.ttf */; };
		BAF4DFA81D89A3CA003AA820 /* BackgroundImage.swift in Sources */ = {isa = PBXBuildFile; fileRef = BAF4DFA71D89A3CA003AA820 /* BackgroundImage.swift */; };
		BAF4DFAA1D89A482003AA820 /* LaunchViewController.swift in Sources */ = {isa = PBXBuildFile; fileRef = BAF4DFA91D89A482003AA820 /* LaunchViewController.swift */; };
		BAFE416B1D8B3A34002DA808 /* CycleTableViewController.swift in Sources */ = {isa = PBXBuildFile; fileRef = BAFE416A1D8B3A34002DA808 /* CycleTableViewController.swift */; };
		BAFE416D1D8B3ACF002DA808 /* cycleTableViewCell.swift in Sources */ = {isa = PBXBuildFile; fileRef = BAFE416C1D8B3ACF002DA808 /* cycleTableViewCell.swift */; };
/* End PBXBuildFile section */

/* Begin PBXContainerItemProxy section */
		BA88EFBB1DA3E34700E9CB12 /* PBXContainerItemProxy */ = {
			isa = PBXContainerItemProxy;
			containerPortal = BA0A4DAA1D870AB8008F500B /* Project object */;
			proxyType = 1;
			remoteGlobalIDString = BA0A4DB11D870AB8008F500B;
			remoteInfo = fertilityApp;
		};
/* End PBXContainerItemProxy section */

/* Begin PBXCopyFilesBuildPhase section */
		BA6564581D8B2D3C00CADED9 /* Embed Frameworks */ = {
			isa = PBXCopyFilesBuildPhase;
			buildActionMask = 2147483647;
			dstPath = "";
			dstSubfolderSpec = 10;
			files = (
			);
			name = "Embed Frameworks";
			runOnlyForDeploymentPostprocessing = 0;
		};
/* End PBXCopyFilesBuildPhase section */

/* Begin PBXFileReference section */
		BA0A4DB21D870AB8008F500B /* fertilityApp.app */ = {isa = PBXFileReference; explicitFileType = wrapper.application; includeInIndex = 0; path = fertilityApp.app; sourceTree = BUILT_PRODUCTS_DIR; };
		BA0A4DB51D870AB8008F500B /* AppDelegate.swift */ = {isa = PBXFileReference; lastKnownFileType = sourcecode.swift; path = AppDelegate.swift; sourceTree = "<group>"; };
		BA0A4DBC1D870AB8008F500B /* Base */ = {isa = PBXFileReference; lastKnownFileType = file.storyboard; name = Base; path = Base.lproj/Main.storyboard; sourceTree = "<group>"; };
		BA0A4DBE1D870AB8008F500B /* Assets.xcassets */ = {isa = PBXFileReference; lastKnownFileType = folder.assetcatalog; path = Assets.xcassets; sourceTree = "<group>"; };
		BA0A4DC11D870AB9008F500B /* Base */ = {isa = PBXFileReference; lastKnownFileType = file.storyboard; name = Base; path = Base.lproj/LaunchScreen.storyboard; sourceTree = "<group>"; };
		BA0A4DC31D870AB9008F500B /* Info.plist */ = {isa = PBXFileReference; lastKnownFileType = text.plist.xml; path = Info.plist; sourceTree = "<group>"; };
		BA0A4DC91D871915008F500B /* fertilityInput.swift */ = {isa = PBXFileReference; fileEncoding = 4; lastKnownFileType = sourcecode.swift; name = fertilityInput.swift; path = ../../../Downloads/fertilityInput.swift; sourceTree = "<group>"; };
		BA0A4DCA1D871915008F500B /* InputTableViewController.swift */ = {isa = PBXFileReference; fileEncoding = 4; lastKnownFileType = sourcecode.swift; name = InputTableViewController.swift; path = ../../../Downloads/InputTableViewController.swift; sourceTree = "<group>"; };
		BA0A4DCD1D8721FA008F500B /* InputTableViewCell.swift */ = {isa = PBXFileReference; fileEncoding = 4; lastKnownFileType = sourcecode.swift; path = InputTableViewCell.swift; sourceTree = "<group>"; };
		BA66C88D1D999247003B9D3C /* Day.swift */ = {isa = PBXFileReference; fileEncoding = 4; lastKnownFileType = sourcecode.swift; path = Day.swift; sourceTree = "<group>"; };
		BA88EFB01DA3E29F00E9CB12 /* inputViewControllerTests.swift */ = {isa = PBXFileReference; fileEncoding = 4; lastKnownFileType = sourcecode.swift; name = inputViewControllerTests.swift; path = ../inputViewControllerTests.swift; sourceTree = "<group>"; };
		BA88EFB61DA3E34700E9CB12 /* fertilityAppTests.xctest */ = {isa = PBXFileReference; explicitFileType = wrapper.cfbundle; includeInIndex = 0; path = fertilityAppTests.xctest; sourceTree = BUILT_PRODUCTS_DIR; };
		BA88EFB81DA3E34700E9CB12 /* fertilityAppTests.swift */ = {isa = PBXFileReference; lastKnownFileType = sourcecode.swift; path = fertilityAppTests.swift; sourceTree = "<group>"; };
		BA88EFBA1DA3E34700E9CB12 /* Info.plist */ = {isa = PBXFileReference; lastKnownFileType = text.plist.xml; path = Info.plist; sourceTree = "<group>"; };
		BA88EFC21DA838F800E9CB12 /* FertilitySignViewController.swift */ = {isa = PBXFileReference; fileEncoding = 4; lastKnownFileType = sourcecode.swift; name = FertilitySignViewController.swift; path = ../FertilitySignViewController.swift; sourceTree = "<group>"; };
		BA88EFC51DAC0F2200E9CB12 /* InputContainerViewController.swift */ = {isa = PBXFileReference; fileEncoding = 4; lastKnownFileType = sourcecode.swift; path = InputContainerViewController.swift; sourceTree = "<group>"; };
		BAF4DFA51D899FD8003AA820 /* JennaSue.ttf */ = {isa = PBXFileReference; lastKnownFileType = file; path = JennaSue.ttf; sourceTree = "<group>"; };
		BAF4DFA71D89A3CA003AA820 /* BackgroundImage.swift */ = {isa = PBXFileReference; fileEncoding = 4; lastKnownFileType = sourcecode.swift; path = BackgroundImage.swift; sourceTree = "<group>"; };
		BAF4DFA91D89A482003AA820 /* LaunchViewController.swift */ = {isa = PBXFileReference; fileEncoding = 4; lastKnownFileType = sourcecode.swift; path = LaunchViewController.swift; sourceTree = "<group>"; };
		BAFE416A1D8B3A34002DA808 /* CycleTableViewController.swift */ = {isa = PBXFileReference; fileEncoding = 4; lastKnownFileType = sourcecode.swift; path = CycleTableViewController.swift; sourceTree = "<group>"; };
		BAFE416C1D8B3ACF002DA808 /* cycleTableViewCell.swift */ = {isa = PBXFileReference; fileEncoding = 4; lastKnownFileType = sourcecode.swift; path = cycleTableViewCell.swift; sourceTree = "<group>"; };
/* End PBXFileReference section */

/* Begin PBXFrameworksBuildPhase section */
		BA0A4DAF1D870AB8008F500B /* Frameworks */ = {
			isa = PBXFrameworksBuildPhase;
			buildActionMask = 2147483647;
			files = (
			);
			runOnlyForDeploymentPostprocessing = 0;
		};
		BA88EFB31DA3E34700E9CB12 /* Frameworks */ = {
			isa = PBXFrameworksBuildPhase;
			buildActionMask = 2147483647;
			files = (
			);
			runOnlyForDeploymentPostprocessing = 0;
		};
/* End PBXFrameworksBuildPhase section */

/* Begin PBXGroup section */
		BA0A4DA91D870AB8008F500B = {
			isa = PBXGroup;
			children = (
				BA0A4DB41D870AB8008F500B /* fertilityApp */,
				BA88EFB71DA3E34700E9CB12 /* fertilityAppTests */,
				BA0A4DB31D870AB8008F500B /* Products */,
				BAF4DFA41D899FB1003AA820 /* Resources */,
			);
			sourceTree = "<group>";
		};
		BA0A4DB31D870AB8008F500B /* Products */ = {
			isa = PBXGroup;
			children = (
				BA0A4DB21D870AB8008F500B /* fertilityApp.app */,
				BA88EFB61DA3E34700E9CB12 /* fertilityAppTests.xctest */,
			);
			name = Products;
			sourceTree = "<group>";
		};
		BA0A4DB41D870AB8008F500B /* fertilityApp */ = {
			isa = PBXGroup;
			children = (
				BA88EFC21DA838F800E9CB12 /* FertilitySignViewController.swift */,
				BAFE41651D8B3312002DA808 /* Models */,
				BA0A4DC91D871915008F500B /* fertilityInput.swift */,
				BA0A4DCA1D871915008F500B /* InputTableViewController.swift */,
				BA88EFC51DAC0F2200E9CB12 /* InputContainerViewController.swift */,
				BA66C88D1D999247003B9D3C /* Day.swift */,
				BA0A4DCD1D8721FA008F500B /* InputTableViewCell.swift */,
				BA0A4DB51D870AB8008F500B /* AppDelegate.swift */,
				BAFE416A1D8B3A34002DA808 /* CycleTableViewController.swift */,
				BA0A4DBB1D870AB8008F500B /* Main.storyboard */,
				BAFE416C1D8B3ACF002DA808 /* cycleTableViewCell.swift */,
				BA0A4DBE1D870AB8008F500B /* Assets.xcassets */,
				BA0A4DC01D870AB9008F500B /* LaunchScreen.storyboard */,
				BAF4DFA91D89A482003AA820 /* LaunchViewController.swift */,
				BAF4DFA71D89A3CA003AA820 /* BackgroundImage.swift */,
				BA0A4DC31D870AB9008F500B /* Info.plist */,
			);
			path = fertilityApp;
			sourceTree = "<group>";
		};
		BA88EFB71DA3E34700E9CB12 /* fertilityAppTests */ = {
			isa = PBXGroup;
			children = (
				BA88EFB01DA3E29F00E9CB12 /* inputViewControllerTests.swift */,
				BA88EFB81DA3E34700E9CB12 /* fertilityAppTests.swift */,
				BA88EFBA1DA3E34700E9CB12 /* Info.plist */,
			);
			path = fertilityAppTests;
			sourceTree = "<group>";
		};
		BAF4DFA41D899FB1003AA820 /* Resources */ = {
			isa = PBXGroup;
			children = (
				BAF4DFA51D899FD8003AA820 /* JennaSue.ttf */,
			);
			name = Resources;
			sourceTree = "<group>";
		};
		BAFE41651D8B3312002DA808 /* Models */ = {
			isa = PBXGroup;
			children = (
			);
			name = Models;
			sourceTree = "<group>";
		};
/* End PBXGroup section */

/* Begin PBXNativeTarget section */
		BA0A4DB11D870AB8008F500B /* fertilityApp */ = {
			isa = PBXNativeTarget;
			buildConfigurationList = BA0A4DC61D870AB9008F500B /* Build configuration list for PBXNativeTarget "fertilityApp" */;
			buildPhases = (
				BA0A4DAE1D870AB8008F500B /* Sources */,
				BA0A4DAF1D870AB8008F500B /* Frameworks */,
				BA0A4DB01D870AB8008F500B /* Resources */,
				BA6564581D8B2D3C00CADED9 /* Embed Frameworks */,
				BA6564591D8B2F9500CADED9 /* ShellScript */,
			);
			buildRules = (
			);
			dependencies = (
			);
			name = fertilityApp;
			productName = fertilityApp;
			productReference = BA0A4DB21D870AB8008F500B /* fertilityApp.app */;
			productType = "com.apple.product-type.application";
		};
		BA88EFB51DA3E34700E9CB12 /* fertilityAppTests */ = {
			isa = PBXNativeTarget;
			buildConfigurationList = BA88EFBD1DA3E34700E9CB12 /* Build configuration list for PBXNativeTarget "fertilityAppTests" */;
			buildPhases = (
				BA88EFB21DA3E34700E9CB12 /* Sources */,
				BA88EFB31DA3E34700E9CB12 /* Frameworks */,
				BA88EFB41DA3E34700E9CB12 /* Resources */,
			);
			buildRules = (
			);
			dependencies = (
				BA88EFBC1DA3E34700E9CB12 /* PBXTargetDependency */,
			);
			name = fertilityAppTests;
			productName = fertilityAppTests;
			productReference = BA88EFB61DA3E34700E9CB12 /* fertilityAppTests.xctest */;
			productType = "com.apple.product-type.bundle.unit-test";
		};
/* End PBXNativeTarget section */

/* Begin PBXProject section */
		BA0A4DAA1D870AB8008F500B /* Project object */ = {
			isa = PBXProject;
			attributes = {
				LastSwiftUpdateCheck = 0730;
				LastUpgradeCheck = 0730;
				ORGANIZATIONNAME = "Blake Robinson";
				TargetAttributes = {
					BA0A4DB11D870AB8008F500B = {
						CreatedOnToolsVersion = 7.3.1;
						LastSwiftMigration = 0810;
					};
					BA88EFB51DA3E34700E9CB12 = {
						CreatedOnToolsVersion = 7.3.1;
						LastSwiftMigration = 0810;
						TestTargetID = BA0A4DB11D870AB8008F500B;
					};
				};
			};
			buildConfigurationList = BA0A4DAD1D870AB8008F500B /* Build configuration list for PBXProject "fertilityApp" */;
			compatibilityVersion = "Xcode 3.2";
			developmentRegion = English;
			hasScannedForEncodings = 0;
			knownRegions = (
				en,
				Base,
			);
			mainGroup = BA0A4DA91D870AB8008F500B;
			productRefGroup = BA0A4DB31D870AB8008F500B /* Products */;
			projectDirPath = "";
			projectRoot = "";
			targets = (
				BA0A4DB11D870AB8008F500B /* fertilityApp */,
				BA88EFB51DA3E34700E9CB12 /* fertilityAppTests */,
			);
		};
/* End PBXProject section */

/* Begin PBXResourcesBuildPhase section */
		BA0A4DB01D870AB8008F500B /* Resources */ = {
			isa = PBXResourcesBuildPhase;
			buildActionMask = 2147483647;
			files = (
				BA0A4DC21D870AB9008F500B /* LaunchScreen.storyboard in Resources */,
				BAF4DFA61D899FD8003AA820 /* JennaSue.ttf in Resources */,
				BA0A4DBF1D870AB8008F500B /* Assets.xcassets in Resources */,
				BA0A4DBD1D870AB8008F500B /* Main.storyboard in Resources */,
			);
			runOnlyForDeploymentPostprocessing = 0;
		};
		BA88EFB41DA3E34700E9CB12 /* Resources */ = {
			isa = PBXResourcesBuildPhase;
			buildActionMask = 2147483647;
			files = (
				BA88EFC11DA3F69E00E9CB12 /* Main.storyboard in Resources */,
			);
			runOnlyForDeploymentPostprocessing = 0;
		};
/* End PBXResourcesBuildPhase section */

/* Begin PBXShellScriptBuildPhase section */
		BA6564591D8B2F9500CADED9 /* ShellScript */ = {
			isa = PBXShellScriptBuildPhase;
			buildActionMask = 2147483647;
			files = (
			);
			inputPaths = (
			);
			outputPaths = (
			);
			runOnlyForDeploymentPostprocessing = 0;
			shellPath = /bin/sh;
			shellScript = "";
		};
/* End PBXShellScriptBuildPhase section */

/* Begin PBXSourcesBuildPhase section */
		BA0A4DAE1D870AB8008F500B /* Sources */ = {
			isa = PBXSourcesBuildPhase;
			buildActionMask = 2147483647;
			files = (
				BA66C88E1D999247003B9D3C /* Day.swift in Sources */,
				BA0A4DCE1D8721FA008F500B /* InputTableViewCell.swift in Sources */,
				BAFE416D1D8B3ACF002DA808 /* cycleTableViewCell.swift in Sources */,
				BA88EFC61DAC0F2200E9CB12 /* InputContainerViewController.swift in Sources */,
				BA0A4DB61D870AB8008F500B /* AppDelegate.swift in Sources */,
				BA0A4DCB1D871915008F500B /* fertilityInput.swift in Sources */,
				BAFE416B1D8B3A34002DA808 /* CycleTableViewController.swift in Sources */,
				BA88EFC31DA838F900E9CB12 /* FertilitySignViewController.swift in Sources */,
				BAF4DFA81D89A3CA003AA820 /* BackgroundImage.swift in Sources */,
				BA0A4DCC1D871915008F500B /* InputTableViewController.swift in Sources */,
				BAF4DFAA1D89A482003AA820 /* LaunchViewController.swift in Sources */,
			);
			runOnlyForDeploymentPostprocessing = 0;
		};
		BA88EFB21DA3E34700E9CB12 /* Sources */ = {
			isa = PBXSourcesBuildPhase;
			buildActionMask = 2147483647;
			files = (
				BA88EFB91DA3E34700E9CB12 /* fertilityAppTests.swift in Sources */,
				BA88EFC41DA838F900E9CB12 /* FertilitySignViewController.swift in Sources */,
				BA88EFCA1DAD142B00E9CB12 /* Day.swift in Sources */,
				BA88EFCB1DAD194000E9CB12 /* cycleTableViewCell.swift in Sources */,
				BA88EFC91DAD13E400E9CB12 /* CycleTableViewController.swift in Sources */,
				BA88EFC01DA3E47900E9CB12 /* inputViewControllerTests.swift in Sources */,
				BA88EFC81DAD13C800E9CB12 /* InputContainerViewController.swift in Sources */,
			);
			runOnlyForDeploymentPostprocessing = 0;
		};
/* End PBXSourcesBuildPhase section */

/* Begin PBXTargetDependency section */
		BA88EFBC1DA3E34700E9CB12 /* PBXTargetDependency */ = {
			isa = PBXTargetDependency;
			target = BA0A4DB11D870AB8008F500B /* fertilityApp */;
			targetProxy = BA88EFBB1DA3E34700E9CB12 /* PBXContainerItemProxy */;
		};
/* End PBXTargetDependency section */

/* Begin PBXVariantGroup section */
		BA0A4DBB1D870AB8008F500B /* Main.storyboard */ = {
			isa = PBXVariantGroup;
			children = (
				BA0A4DBC1D870AB8008F500B /* Base */,
			);
			name = Main.storyboard;
			sourceTree = "<group>";
		};
		BA0A4DC01D870AB9008F500B /* LaunchScreen.storyboard */ = {
			isa = PBXVariantGroup;
			children = (
				BA0A4DC11D870AB9008F500B /* Base */,
			);
			name = LaunchScreen.storyboard;
			sourceTree = "<group>";
		};
/* End PBXVariantGroup section */

/* Begin XCBuildConfiguration section */
		BA0A4DC41D870AB9008F500B /* Debug */ = {
			isa = XCBuildConfiguration;
			buildSettings = {
				ALWAYS_SEARCH_USER_PATHS = NO;
				CLANG_ANALYZER_NONNULL = YES;
				CLANG_CXX_LANGUAGE_STANDARD = "gnu++0x";
				CLANG_CXX_LIBRARY = "libc++";
				CLANG_ENABLE_MODULES = YES;
				CLANG_ENABLE_OBJC_ARC = YES;
				CLANG_WARN_BOOL_CONVERSION = YES;
				CLANG_WARN_CONSTANT_CONVERSION = YES;
				CLANG_WARN_DIRECT_OBJC_ISA_USAGE = YES_ERROR;
				CLANG_WARN_EMPTY_BODY = YES;
				CLANG_WARN_ENUM_CONVERSION = YES;
				CLANG_WARN_INT_CONVERSION = YES;
				CLANG_WARN_OBJC_ROOT_CLASS = YES_ERROR;
				CLANG_WARN_UNREACHABLE_CODE = YES;
				CLANG_WARN__DUPLICATE_METHOD_MATCH = YES;
				"CODE_SIGN_IDENTITY[sdk=iphoneos*]" = "iPhone Developer";
				COPY_PHASE_STRIP = NO;
				DEBUG_INFORMATION_FORMAT = dwarf;
				ENABLE_STRICT_OBJC_MSGSEND = YES;
				ENABLE_TESTABILITY = YES;
				GCC_C_LANGUAGE_STANDARD = gnu99;
				GCC_DYNAMIC_NO_PIC = NO;
				GCC_NO_COMMON_BLOCKS = YES;
				GCC_OPTIMIZATION_LEVEL = 0;
				GCC_PREPROCESSOR_DEFINITIONS = (
					"DEBUG=1",
					"$(inherited)",
				);
				GCC_WARN_64_TO_32_BIT_CONVERSION = YES;
				GCC_WARN_ABOUT_RETURN_TYPE = YES_ERROR;
				GCC_WARN_UNDECLARED_SELECTOR = YES;
				GCC_WARN_UNINITIALIZED_AUTOS = YES_AGGRESSIVE;
				GCC_WARN_UNUSED_FUNCTION = YES;
				GCC_WARN_UNUSED_VARIABLE = YES;
				IPHONEOS_DEPLOYMENT_TARGET = 9.3;
				MTL_ENABLE_DEBUG_INFO = YES;
				ONLY_ACTIVE_ARCH = YES;
				SDKROOT = iphoneos;
				SWIFT_OPTIMIZATION_LEVEL = "-Onone";
			};
			name = Debug;
		};
		BA0A4DC51D870AB9008F500B /* Release */ = {
			isa = XCBuildConfiguration;
			buildSettings = {
				ALWAYS_SEARCH_USER_PATHS = NO;
				CLANG_ANALYZER_NONNULL = YES;
				CLANG_CXX_LANGUAGE_STANDARD = "gnu++0x";
				CLANG_CXX_LIBRARY = "libc++";
				CLANG_ENABLE_MODULES = YES;
				CLANG_ENABLE_OBJC_ARC = YES;
				CLANG_WARN_BOOL_CONVERSION = YES;
				CLANG_WARN_CONSTANT_CONVERSION = YES;
				CLANG_WARN_DIRECT_OBJC_ISA_USAGE = YES_ERROR;
				CLANG_WARN_EMPTY_BODY = YES;
				CLANG_WARN_ENUM_CONVERSION = YES;
				CLANG_WARN_INT_CONVERSION = YES;
				CLANG_WARN_OBJC_ROOT_CLASS = YES_ERROR;
				CLANG_WARN_UNREACHABLE_CODE = YES;
				CLANG_WARN__DUPLICATE_METHOD_MATCH = YES;
				"CODE_SIGN_IDENTITY[sdk=iphoneos*]" = "iPhone Developer";
				COPY_PHASE_STRIP = NO;
				DEBUG_INFORMATION_FORMAT = "dwarf-with-dsym";
				ENABLE_NS_ASSERTIONS = NO;
				ENABLE_STRICT_OBJC_MSGSEND = YES;
				GCC_C_LANGUAGE_STANDARD = gnu99;
				GCC_NO_COMMON_BLOCKS = YES;
				GCC_WARN_64_TO_32_BIT_CONVERSION = YES;
				GCC_WARN_ABOUT_RETURN_TYPE = YES_ERROR;
				GCC_WARN_UNDECLARED_SELECTOR = YES;
				GCC_WARN_UNINITIALIZED_AUTOS = YES_AGGRESSIVE;
				GCC_WARN_UNUSED_FUNCTION = YES;
				GCC_WARN_UNUSED_VARIABLE = YES;
				IPHONEOS_DEPLOYMENT_TARGET = 9.3;
				MTL_ENABLE_DEBUG_INFO = NO;
				SDKROOT = iphoneos;
				VALIDATE_PRODUCT = YES;
			};
			name = Release;
		};
		BA0A4DC71D870AB9008F500B /* Debug */ = {
			isa = XCBuildConfiguration;
			buildSettings = {
				ASSETCATALOG_COMPILER_APPICON_NAME = AppIcon;
				ENABLE_BITCODE = NO;
				FRAMEWORK_SEARCH_PATHS = (
					"$(inherited)",
					"$(PROJECT_DIR)",
				);
				"FRAMEWORK_SEARCH_PATHS[arch=*]" = (
					"$(inherited)",
					"$(PROJECT_DIR)",
				);
				INFOPLIST_FILE = fertilityApp/Info.plist;
				LD_RUNPATH_SEARCH_PATHS = "$(inherited) @executable_path/Frameworks";
				PRODUCT_BUNDLE_IDENTIFIER = blakeRobinson.fertilityApp;
				PRODUCT_NAME = "$(TARGET_NAME)";
				SWIFT_VERSION = 3.0;
			};
			name = Debug;
		};
		BA0A4DC81D870AB9008F500B /* Release */ = {
			isa = XCBuildConfiguration;
			buildSettings = {
				ASSETCATALOG_COMPILER_APPICON_NAME = AppIcon;
				ENABLE_BITCODE = NO;
				FRAMEWORK_SEARCH_PATHS = (
					"$(inherited)",
					"$(PROJECT_DIR)",
				);
				"FRAMEWORK_SEARCH_PATHS[arch=*]" = (
					"$(inherited)",
					"$(PROJECT_DIR)",
				);
				INFOPLIST_FILE = fertilityApp/Info.plist;
				LD_RUNPATH_SEARCH_PATHS = "$(inherited) @executable_path/Frameworks";
				PRODUCT_BUNDLE_IDENTIFIER = blakeRobinson.fertilityApp;
				PRODUCT_NAME = "$(TARGET_NAME)";
				SWIFT_VERSION = 3.0;
			};
			name = Release;
		};
		BA88EFBE1DA3E34700E9CB12 /* Debug */ = {
			isa = XCBuildConfiguration;
			buildSettings = {
				BUNDLE_LOADER = "$(TEST_HOST)";
				INFOPLIST_FILE = fertilityAppTests/Info.plist;
				LD_RUNPATH_SEARCH_PATHS = "$(inherited) @executable_path/Frameworks @loader_path/Frameworks";
				PRODUCT_BUNDLE_IDENTIFIER = blakeRobinson.fertilityAppTests;
				PRODUCT_NAME = "$(TARGET_NAME)";
				SWIFT_VERSION = 3.0;
				TEST_HOST = "$(BUILT_PRODUCTS_DIR)/fertilityApp.app/fertilityApp";
			};
			name = Debug;
		};
		BA88EFBF1DA3E34700E9CB12 /* Release */ = {
			isa = XCBuildConfiguration;
			buildSettings = {
				BUNDLE_LOADER = "$(TEST_HOST)";
				INFOPLIST_FILE = fertilityAppTests/Info.plist;
				LD_RUNPATH_SEARCH_PATHS = "$(inherited) @executable_path/Frameworks @loader_path/Frameworks";
				PRODUCT_BUNDLE_IDENTIFIER = blakeRobinson.fertilityAppTests;
				PRODUCT_NAME = "$(TARGET_NAME)";
				SWIFT_VERSION = 3.0;
				TEST_HOST = "$(BUILT_PRODUCTS_DIR)/fertilityApp.app/fertilityApp";
			};
			name = Release;
		};
/* End XCBuildConfiguration section */

/* Begin XCConfigurationList section */
		BA0A4DAD1D870AB8008F500B /* Build configuration list for PBXProject "fertilityApp" */ = {
			isa = XCConfigurationList;
			buildConfigurations = (
				BA0A4DC41D870AB9008F500B /* Debug */,
				BA0A4DC51D870AB9008F500B /* Release */,
			);
			defaultConfigurationIsVisible = 0;
			defaultConfigurationName = Release;
		};
		BA0A4DC61D870AB9008F500B /* Build configuration list for PBXNativeTarget "fertilityApp" */ = {
			isa = XCConfigurationList;
			buildConfigurations = (
				BA0A4DC71D870AB9008F500B /* Debug */,
				BA0A4DC81D870AB9008F500B /* Release */,
			);
			defaultConfigurationIsVisible = 0;
			defaultConfigurationName = Release;
		};
		BA88EFBD1DA3E34700E9CB12 /* Build configuration list for PBXNativeTarget "fertilityAppTests" */ = {
			isa = XCConfigurationList;
			buildConfigurations = (
				BA88EFBE1DA3E34700E9CB12 /* Debug */,
				BA88EFBF1DA3E34700E9CB12 /* Release */,
			);
			defaultConfigurationIsVisible = 0;
			defaultConfigurationName = Release;
		};
/* End XCConfigurationList section */
	};
	rootObject = BA0A4DAA1D870AB8008F500B /* Project object */;
}
